{
  "nodes": {
    "root": {
      "inputs": {
        "stable": "stable",
        "stableHome": "stableHome",
        "user": "user"
      }
    },
    "stable": {
      "locked": {
        "lastModified": 1749237914,
        "narHash": "sha256-N5waoqWt8aMr/MykZjSErOokYH6rOsMMXu3UOVH5kiw=",
        "owner": "NixOs",
        "repo": "nixpkgs",
        "rev": "70c74b02eac46f4e4aa071e45a6189ce0f6d9265",
        "type": "github"
      },
      "original": {
        "owner": "NixOs",
        "ref": "nixos-25.05",
        "repo": "nixpkgs",
        "type": "github"
      }
    },
    "stableHome": {
      "inputs": {
        "nixpkgs": [
          "stable"
        ]
      },
      "locked": {
        "lastModified": 1749154018,
        "narHash": "sha256-gjN3j7joRvT3a8Zgcylnd4NFsnXeDBumqiu4HmY1RIg=",
        "owner": "nix-community",
        "repo": "home-manager",
        "rev": "7aae0ee71a17b19708b93b3ed448a1a0952bf111",
        "type": "github"
      },
      "original": {
        "owner": "nix-community",
        "ref": "release-25.05",
        "repo": "home-manager",
        "type": "github"
      }
    },
    "user": {
      "locked": {
        "lastModified": 1749313463,
        "narHash": "sha256-SptiZcnXwQ1akaMXFLRxGhqOZNcWZbOv2dnywyTy5Uk=",
        "path": "/etc/nixos/user",
        "type": "path"
      },
      "original": {
        "path": "/etc/nixos/user",
        "type": "path"
      }
    }
  },
  "root": "root",
  "version": 7
}
